
Microsoft Visual Studio Solution File, Format Version 12.00
# Visual Studio Version 17
VisualStudioVersion = 17.10.35122.118
MinimumVisualStudioVersion = 10.0.40219.1
Project("{FAE04EC0-301F-11D3-BF4B-00C04F79EFBC}") = "BMS.DesktopApp", "BMS.DesktopApp\BMS.DesktopApp.csproj", "{FDC3463C-3FB8-4F32-86CC-36025DF30E63}"
EndProject
Project("{FAE04EC0-301F-11D3-BF4B-00C04F79EFBC}") = "BMS.WebAPI", "BMS.WebAPI\BMS.WebAPI.csproj", "{BBA171A3-6C0C-45F1-BFA5-13F5D959863D}"
EndProject
Project("{FAE04EC0-301F-11D3-BF4B-00C04F79EFBC}") = "BMS.MobileApp", "BMS.MobileApp\BMS.MobileApp.csproj", "{D5EE33BF-B203-4A0F-B72A-85BD17043F6E}"
EndProject
Global
	GlobalSection(SolutionConfigurationPlatforms) = preSolution
		Debug|Any CPU = Debug|Any CPU
		Release|Any CPU = Release|Any CPU
	EndGlobalSection
	GlobalSection(ProjectConfigurationPlatforms) = postSolution
		{FDC3463C-3FB8-4F32-86CC-36025DF30E63}.Debug|Any CPU.ActiveCfg = Debug|Any CPU
		{FDC3463C-3FB8-4F32-86CC-36025DF30E63}.Debug|Any CPU.Build.0 = Debug|Any CPU
		{FDC3463C-3FB8-4F32-86CC-36025DF30E63}.Debug|Any CPU.Deploy.0 = Debug|Any CPU
		{FDC3463C-3FB8-4F32-86CC-36025DF30E63}.Release|Any CPU.ActiveCfg = Release|Any CPU
		{FDC3463C-3FB8-4F32-86CC-36025DF30E63}.Release|Any CPU.Build.0 = Release|Any CPU
		{FDC3463C-3FB8-4F32-86CC-36025DF30E63}.Release|Any CPU.Deploy.0 = Release|Any CPU
		{BBA171A3-6C0C-45F1-BFA5-13F5D959863D}.Debug|Any CPU.ActiveCfg = Debug|Any CPU
		{BBA171A3-6C0C-45F1-BFA5-13F5D959863D}.Debug|Any CPU.Build.0 = Debug|Any CPU
		{BBA171A3-6C0C-45F1-BFA5-13F5D959863D}.Release|Any CPU.ActiveCfg = Release|Any CPU
		{BBA171A3-6C0C-45F1-BFA5-13F5D959863D}.Release|Any CPU.Build.0 = Release|Any CPU
		{D5EE33BF-B203-4A0F-B72A-85BD17043F6E}.Debug|Any CPU.ActiveCfg = Debug|Any CPU
		{D5EE33BF-B203-4A0F-B72A-85BD17043F6E}.Debug|Any CPU.Build.0 = Debug|Any CPU
		{D5EE33BF-B203-4A0F-B72A-85BD17043F6E}.Debug|Any CPU.Deploy.0 = Debug|Any CPU
		{D5EE33BF-B203-4A0F-B72A-85BD17043F6E}.Release|Any CPU.ActiveCfg = Release|Any CPU
		{D5EE33BF-B203-4A0F-B72A-85BD17043F6E}.Release|Any CPU.Build.0 = Release|Any CPU
		{D5EE33BF-B203-4A0F-B72A-85BD17043F6E}.Release|Any CPU.Deploy.0 = Release|Any CPU
	EndGlobalSection
	GlobalSection(SolutionProperties) = preSolution
		HideSolutionNode = FALSE
	EndGlobalSection
	GlobalSection(ExtensibilityGlobals) = postSolution
		SolutionGuid = {03E326F6-B9A5-4C6F-B040-C15486AAA15C}
	EndGlobalSection
EndGlobal
